# THIS IS AN AUTOGENERATED FILE. DO NOT EDIT THIS FILE DIRECTLY.
# yarn lockfile v1


"@types/bun@^1.1.6":
  version "1.1.6"
  resolved "https://registry.yarnpkg.com/@types/bun/-/bun-1.1.6.tgz#90ea30fbbc0391484448acdf84928ab9f1e3f423"
  integrity sha512-uJgKjTdX0GkWEHZzQzFsJkWp5+43ZS7HC8sZPFnOwnSo1AsNl2q9o2bFeS23disNDqbggEgyFkKCHl/w8iZsMA==
  dependencies:
    bun-types "1.1.17"

"@types/node@*":
  version "22.5.0"
  resolved "https://registry.yarnpkg.com/@types/node/-/node-22.5.0.tgz#10f01fe9465166b4cab72e75f60d8b99d019f958"
  integrity sha512-DkFrJOe+rfdHTqqMg0bSNlGlQ85hSoh2TPzZyhHsXnMtligRWpxUySiyw8FY14ITt24HVCiQPWxS3KO/QlGmWg==
  dependencies:
    undici-types "~6.19.2"

"@types/node@~20.12.8":
  version "20.12.14"
  resolved "https://registry.yarnpkg.com/@types/node/-/node-20.12.14.tgz#0c5cf7ef26aedfd64b0539bba9380ed1f57dcc77"
  integrity sha512-scnD59RpYD91xngrQQLGkE+6UrHUPzeKZWhhjBSa3HSkwjbQc38+q3RoIVEwxQGRw3M+j5hpNAM+lgV3cVormg==
  dependencies:
    undici-types "~5.26.4"

"@types/ws@~8.5.10":
  version "8.5.12"
  resolved "https://registry.yarnpkg.com/@types/ws/-/ws-8.5.12.tgz#619475fe98f35ccca2a2f6c137702d85ec247b7e"
  integrity sha512-3tPRkv1EtkDpzlgyKyI8pGsGZAGPEaXeu0DOj5DI25Ja91bdAYddYHbADRYVrZMRbfW+1l5YwXVDKohDJNQxkQ==
  dependencies:
    "@types/node" "*"

bun-types@1.1.17:
  version "1.1.17"
  resolved "https://registry.yarnpkg.com/bun-types/-/bun-types-1.1.17.tgz#5a9e1ba32ab0f156db3b4db2bb22187bfd0090e6"
  integrity sha512-Z4+OplcSd/YZq7ZsrfD00DKJeCwuNY96a1IDJyR73+cTBaFIS7SC6LhpY/W3AMEXO9iYq5NJ58WAwnwL1p5vKg==
  dependencies:
    "@types/node" "~20.12.8"
    "@types/ws" "~8.5.10"

typescript@^5.5.4:
  version "5.5.4"
  resolved "https://registry.yarnpkg.com/typescript/-/typescript-5.5.4.tgz#d9852d6c82bad2d2eda4fd74a5762a8f5909e9ba"
  integrity sha512-Mtq29sKDAEYP7aljRgtPOpTvOfbwRWlS6dPRzwjdE+C0R4brX/GUyhHSecbHMFLNBLcJIPt9nl9yG5TZ1weH+Q==

undici-types@~5.26.4:
  version "5.26.5"
  resolved "https://registry.yarnpkg.com/undici-types/-/undici-types-5.26.5.tgz#bcd539893d00b56e964fd2657a4866b221a65617"
  integrity sha512-JlCMO+ehdEIKqlFxk6IfVoAUVmgz7cU7zD/h9XZ0qzeosSHmUJVOzSQvvYSYWXkFXC+IfLKSIffhv0sVZup6pA==

undici-types@~6.19.2:
  version "6.19.8"
  resolved "https://registry.yarnpkg.com/undici-types/-/undici-types-6.19.8.tgz#35111c9d1437ab83a7cdc0abae2f26d88eda0a02"
  integrity sha512-ve2KP6f/JnbPBFyobGHuerC9g1FYGn/F8n1LWTwNxCEzd6IfqTwUQcNXgEtmmQ6DlRrC1hrSrBnCZPokRrDHjw==
